
Microsoft Visual Studio Solution File, Format Version 12.00
# Visual Studio 15
VisualStudioVersion = 15.0.28010.2048
MinimumVisualStudioVersion = 10.0.40219.1
Project("{FAE04EC0-301F-11D3-BF4B-00C04F79EFBC}") = "SomeTickerApp", "SomeTickerApp\SomeTickerApp.csproj", "{D6BCE048-ACDF-4DF0-A493-3A6205DB899F}"
EndProject
Global
	GlobalSection(SolutionConfigurationPlatforms) = preSolution
		Debug|Any CPU = Debug|Any CPU
		Release|Any CPU = Release|Any CPU
	EndGlobalSection
	GlobalSection(ProjectConfigurationPlatforms) = postSolution
		{D6BCE048-ACDF-4DF0-A493-3A6205DB899F}.Debug|Any CPU.ActiveCfg = Debug|Any CPU
		{D6BCE048-ACDF-4DF0-A493-3A6205DB899F}.Debug|Any CPU.Build.0 = Debug|Any CPU
		{D6BCE048-ACDF-4DF0-A493-3A6205DB899F}.Release|Any CPU.ActiveCfg = Release|Any CPU
		{D6BCE048-ACDF-4DF0-A493-3A6205DB899F}.Release|Any CPU.Build.0 = Release|Any CPU
	EndGlobalSection
	GlobalSection(SolutionProperties) = preSolution
		HideSolutionNode = FALSE
	EndGlobalSection
	GlobalSection(ExtensibilityGlobals) = postSolution
		SolutionGuid = {D3421237-FAC8-4587-8B6D-5F4B07104D83}
	EndGlobalSection
EndGlobal
